# This file is autogenerated, do not edit; changes may be undone by the next 'dep ensure'.


[[projects]]
  branch = "master"
  name = "github.com/donutloop/xservice"
  packages = [
    "framework/errors",
    "framework/hooks",
    "framework/server",
    "framework/transport",
    "framework/xcontext",
    "framework/xhttp"
  ]
  revision = "03c7cde99a99460e1c4939d8ae580c69fba65f86"

[[projects]]
  name = "github.com/gogo/protobuf"
  packages = [
    "jsonpb",
    "proto",
    "sortkeys",
    "types"
  ]
  revision = "1adfc126b41513cc696b209667c8656ea7aac67c"
  version = "v1.0.0"

[[projects]]
  name = "github.com/golang/protobuf"
  packages = [
    "jsonpb",
    "proto",
    "ptypes/struct"
  ]
  revision = "925541529c1fa6821df4e44ce2723319eb2be768"
  version = "v1.0.0"

[[projects]]
  name = "github.com/pkg/errors"
  packages = ["."]
  revision = "645ef00459ed84a119197bfb8d8205042c6df63d"
  version = "v0.8.0"

[[projects]]
  branch = "master"
  name = "github.com/rongfengliang/grpcapp"
  packages = ["grpcappdemo"]
  revision = "b67dcd9ba5b06ca950bfb85b040f8822aab701f1"

[solve-meta]
  analyzer-name = "dep"
  analyzer-version = 1
  inputs-digest = "9cc689b74db109789f7c9e8226490866d27ad63aed22c7d5259b86af7ce603b9"
  solver-name = "gps-cdcl"
  solver-version = 1
